
Microsoft Visual Studio Solution File, Format Version 12.00
# Visual Studio Version 17
VisualStudioVersion = 17.4.33122.133
MinimumVisualStudioVersion = 10.0.40219.1
Project("{9A19103F-16F7-4668-BE54-9A1E7A4F7556}") = "homework_45_1", "homework_45_1.csproj", "{C8A37279-605A-456B-9A1C-85D65CA9A1E9}"
EndProject
Project("{FAE04EC0-301F-11D3-BF4B-00C04F79EFBC}") = "homework_45_2", "..\homework_45_2\homework_45_2.csproj", "{01F8D93B-ED69-483F-B203-021629285057}"
EndProject
Global
	GlobalSection(SolutionConfigurationPlatforms) = preSolution
		Debug|Any CPU = Debug|Any CPU
		Release|Any CPU = Release|Any CPU
	EndGlobalSection
	GlobalSection(ProjectConfigurationPlatforms) = postSolution
		{C8A37279-605A-456B-9A1C-85D65CA9A1E9}.Debug|Any CPU.ActiveCfg = Debug|Any CPU
		{C8A37279-605A-456B-9A1C-85D65CA9A1E9}.Debug|Any CPU.Build.0 = Debug|Any CPU
		{C8A37279-605A-456B-9A1C-85D65CA9A1E9}.Release|Any CPU.ActiveCfg = Release|Any CPU
		{C8A37279-605A-456B-9A1C-85D65CA9A1E9}.Release|Any CPU.Build.0 = Release|Any CPU
		{01F8D93B-ED69-483F-B203-021629285057}.Debug|Any CPU.ActiveCfg = Debug|Any CPU
		{01F8D93B-ED69-483F-B203-021629285057}.Debug|Any CPU.Build.0 = Debug|Any CPU
		{01F8D93B-ED69-483F-B203-021629285057}.Release|Any CPU.ActiveCfg = Release|Any CPU
		{01F8D93B-ED69-483F-B203-021629285057}.Release|Any CPU.Build.0 = Release|Any CPU
	EndGlobalSection
	GlobalSection(SolutionProperties) = preSolution
		HideSolutionNode = FALSE
	EndGlobalSection
	GlobalSection(ExtensibilityGlobals) = postSolution
		SolutionGuid = {93A2B560-5D1E-4E47-8700-DE01815D3053}
	EndGlobalSection
EndGlobal
